
Microsoft Visual Studio Solution File, Format Version 12.00
# Visual Studio 2015
Project("{FAE04EC0-301F-11D3-BF4B-00C04F79EFBC}") = "BarberManMotherFile.CSharp", "BarberManMotherFile.CSharp.csproj", "{448C726E-DE11-1640-40B4-18124FCAFDD1}"
EndProject
Global
	GlobalSection(SolutionConfigurationPlatforms) = preSolution
		Debug|Any CPU = Debug|Any CPU
		Release|Any CPU = Release|Any CPU
	EndGlobalSection
	GlobalSection(ProjectConfigurationPlatforms) = postSolution
		{448C726E-DE11-1640-40B4-18124FCAFDD1}.Debug|Any CPU.ActiveCfg = Debug|Any CPU
		{448C726E-DE11-1640-40B4-18124FCAFDD1}.Debug|Any CPU.Build.0 = Debug|Any CPU
		{448C726E-DE11-1640-40B4-18124FCAFDD1}.Release|Any CPU.ActiveCfg = Release|Any CPU
		{448C726E-DE11-1640-40B4-18124FCAFDD1}.Release|Any CPU.Build.0 = Release|Any CPU
	EndGlobalSection
	GlobalSection(SolutionProperties) = preSolution
		HideSolutionNode = FALSE
	EndGlobalSection
EndGlobal
