Microsoft Visual Studio Solution File, Format Version 11.00
# Visual Studio 2008

Project("{B58CCA0F-03BE-40B5-E267-4709EBB28CF3}") = "BarberManRepo", "Assembly-CSharp.csproj", "{DD1A0D01-7F34-8869-1885-11DE2083E6A3}"
EndProject
Global
	GlobalSection(SolutionConfigurationPlatforms) = preSolution
		Debug|Any CPU = Debug|Any CPU
		Release|Any CPU = Release|Any CPU
	EndGlobalSection
	GlobalSection(ProjectConfigurationPlatforms) = postSolution
		{DD1A0D01-7F34-8869-1885-11DE2083E6A3}.Debug|Any CPU.ActiveCfg = Debug|Any CPU
		{DD1A0D01-7F34-8869-1885-11DE2083E6A3}.Debug|Any CPU.Build.0 = Debug|Any CPU
		{DD1A0D01-7F34-8869-1885-11DE2083E6A3}.Release|Any CPU.ActiveCfg = Release|Any CPU
		{DD1A0D01-7F34-8869-1885-11DE2083E6A3}.Release|Any CPU.Build.0 = Release|Any CPU
	EndGlobalSection
	GlobalSection(SolutionProperties) = preSolution
		HideSolutionNode = FALSE
	EndGlobalSection
	GlobalSection(MonoDevelopProperties) = preSolution
		StartupItem = Assembly-CSharp.csproj
	EndGlobalSection
EndGlobal
